# THIS IS AN AUTOGENERATED FILE. DO NOT EDIT THIS FILE DIRECTLY.
# yarn lockfile v1


highlightjs@^9.10.0:
  version "9.16.2"
  resolved "https://registry.yarnpkg.com/highlightjs/-/highlightjs-9.16.2.tgz#07ea6cc7c93340fc440734fb7abf28558f1f0fe1"
  integrity sha512-FK1vmMj8BbEipEy8DLIvp71t5UsC7n2D6En/UfM/91PCwmOpj6f2iu0Y0coRC62KSRHHC+dquM2xMULV/X7NFg==

jquery-flot@^0.8.3:
  version "0.8.3"
  resolved "https://registry.yarnpkg.com/jquery-flot/-/jquery-flot-0.8.3.tgz#a273acf43f13190f6e78701869ee24bfef12c22a"
  integrity sha512-IkQCsA5t55Aubu8iove/X/KL34rdZTsDyx/bylC7F320N2bwsJhJe3Np8orsx1L8FEOoMDfNe3/pSb3xXKLxeQ==

jquery@^3.3.1:
  version "3.6.4"
  resolved "https://registry.yarnpkg.com/jquery/-/jquery-3.6.4.tgz#ba065c188142100be4833699852bf7c24dc0252f"
  integrity sha512-v28EW9DWDFpzcD9O5iyJXg3R3+q+mET5JhnjJzQUZMHOv67bpSIHq81GEYpPNZHG+XXHsfSme3nxp/hndKEcsQ==
